Microsoft Visual Studio Solution File, Format Version 12.00
# Visual Studio Version 17
VisualStudioVersion = 17.5.2.0
MinimumVisualStudioVersion = 10.0.40219.1
Project("{FAE04EC0-301F-11D3-BF4B-00C04F79EFBC}") = "desktop_watch", "desktop_watch.csproj", "{EBAA2053-768A-4A76-EA91-A6167620E8D7}"
EndProject
Global
	GlobalSection(SolutionConfigurationPlatforms) = preSolution
		Debug|Any CPU = Debug|Any CPU
		Release|Any CPU = Release|Any CPU
	EndGlobalSection
	GlobalSection(ProjectConfigurationPlatforms) = postSolution
		{EBAA2053-768A-4A76-EA91-A6167620E8D7}.Debug|Any CPU.ActiveCfg = Debug|Any CPU
		{EBAA2053-768A-4A76-EA91-A6167620E8D7}.Debug|Any CPU.Build.0 = Debug|Any CPU
		{EBAA2053-768A-4A76-EA91-A6167620E8D7}.Release|Any CPU.ActiveCfg = Release|Any CPU
		{EBAA2053-768A-4A76-EA91-A6167620E8D7}.Release|Any CPU.Build.0 = Release|Any CPU
	EndGlobalSection
	GlobalSection(SolutionProperties) = preSolution
		HideSolutionNode = FALSE
	EndGlobalSection
	GlobalSection(ExtensibilityGlobals) = postSolution
		SolutionGuid = {845B5610-C90E-4E8C-8149-CF446BBF259F}
	EndGlobalSection
EndGlobal
